
Microsoft Visual Studio Solution File, Format Version 12.00
# Visual Studio Version 17
VisualStudioVersion = 17.3.32929.385
MinimumVisualStudioVersion = 10.0.40219.1
Project("{8BC9CEB8-8B4A-11D0-8D11-00A0C91BC942}") = "binary tree", "binary tree.vcxproj", "{6665876B-C055-4CCB-AF00-75812E0338FD}"
EndProject
Global
	GlobalSection(SolutionConfigurationPlatforms) = preSolution
		Debug|x64 = Debug|x64
		Debug|x86 = Debug|x86
		Release|x64 = Release|x64
		Release|x86 = Release|x86
	EndGlobalSection
	GlobalSection(ProjectConfigurationPlatforms) = postSolution
		{6665876B-C055-4CCB-AF00-75812E0338FD}.Debug|x64.ActiveCfg = Debug|x64
		{6665876B-C055-4CCB-AF00-75812E0338FD}.Debug|x64.Build.0 = Debug|x64
		{6665876B-C055-4CCB-AF00-75812E0338FD}.Debug|x86.ActiveCfg = Debug|Win32
		{6665876B-C055-4CCB-AF00-75812E0338FD}.Debug|x86.Build.0 = Debug|Win32
		{6665876B-C055-4CCB-AF00-75812E0338FD}.Release|x64.ActiveCfg = Release|x64
		{6665876B-C055-4CCB-AF00-75812E0338FD}.Release|x64.Build.0 = Release|x64
		{6665876B-C055-4CCB-AF00-75812E0338FD}.Release|x86.ActiveCfg = Release|Win32
		{6665876B-C055-4CCB-AF00-75812E0338FD}.Release|x86.Build.0 = Release|Win32
	EndGlobalSection
	GlobalSection(SolutionProperties) = preSolution
		HideSolutionNode = FALSE
	EndGlobalSection
	GlobalSection(ExtensibilityGlobals) = postSolution
		SolutionGuid = {971EF111-0E44-4979-9EF2-A318443B9AB7}
	EndGlobalSection
EndGlobal
